
Microsoft Visual Studio Solution File, Format Version 12.00
# Visual Studio 2013
VisualStudioVersion = 12.0.30723.0
MinimumVisualStudioVersion = 10.0.40219.1
Project("{8BC9CEB8-8B4A-11D0-8D11-00A0C91BC942}") = "template", "template\template.vcxproj", "{D45B1766-4A20-4CBE-B338-2C3646BB4782}"
EndProject
Project("{8BC9CEB8-8B4A-11D0-8D11-00A0C91BC942}") = "unofficial_reference", "unofficial_reference\unofficial_reference.vcxproj", "{7C73B5A1-B295-416B-9963-41AFE7945379}"
EndProject
Global
	GlobalSection(SolutionConfigurationPlatforms) = preSolution
		Release|x64 = Release|x64
		Debug|x64 = Debug|x64
	EndGlobalSection
	GlobalSection(ProjectConfigurationPlatforms) = postSolution
		{D45B1766-4A20-4CBE-B338-2C3646BB4782}.Debug|x64.ActiveCfg = Debug|x64
		{D45B1766-4A20-4CBE-B338-2C3646BB4782}.Debug|x64.Build.0 = Debug|x64
		{D45B1766-4A20-4CBE-B338-2C3646BB4782}.Release|x64.ActiveCfg = Release|x64
		{D45B1766-4A20-4CBE-B338-2C3646BB4782}.Release|x64.Build.0 = Release|x64
		{7C73B5A1-B295-416B-9963-41AFE7945379}.Debug|x64.ActiveCfg = Debug|x64
		{7C73B5A1-B295-416B-9963-41AFE7945379}.Debug|x64.Build.0 = Debug|x64
		{7C73B5A1-B295-416B-9963-41AFE7945379}.Release|x64.ActiveCfg = Release|x64
		{7C73B5A1-B295-416B-9963-41AFE7945379}.Release|x64.Build.0 = Release|x64
	EndGlobalSection
	GlobalSection(SolutionProperties) = preSolution
		HideSolutionNode = FALSE
	EndGlobalSection
EndGlobal
